
Microsoft Visual Studio Solution File, Format Version 12.00
# Visual Studio Version 16
VisualStudioVersion = 16.0.33027.164
MinimumVisualStudioVersion = 10.0.40219.1
Project("{E24C65DC-7377-472B-9ABA-BC803B73C61A}") = "MJ-Jewellery", ".", "{470CDAC1-D915-4FD4-979D-38EFD3AB3838}"
	ProjectSection(WebsiteProperties) = preProject
		TargetFrameworkMoniker = ".NETFramework,Version%3Dv4.7.2"
		Debug.AspNetCompiler.VirtualPath = "/localhost_65192"
		Debug.AspNetCompiler.PhysicalPath = "..\MJ-Jewellery\"
		Debug.AspNetCompiler.TargetPath = "PrecompiledWeb\localhost_65192\"
		Debug.AspNetCompiler.Updateable = "true"
		Debug.AspNetCompiler.ForceOverwrite = "true"
		Debug.AspNetCompiler.FixedNames = "false"
		Debug.AspNetCompiler.Debug = "True"
		Release.AspNetCompiler.VirtualPath = "/localhost_65192"
		Release.AspNetCompiler.PhysicalPath = "..\MJ-Jewellery\"
		Release.AspNetCompiler.TargetPath = "PrecompiledWeb\localhost_65192\"
		Release.AspNetCompiler.Updateable = "true"
		Release.AspNetCompiler.ForceOverwrite = "true"
		Release.AspNetCompiler.FixedNames = "false"
		Release.AspNetCompiler.Debug = "False"
		VWDPort = "65192"
		SlnRelativePath = "..\MJ-Jewellery\"
		DefaultWebSiteLanguage = "Visual C#"
	EndProjectSection
EndProject
Global
	GlobalSection(SolutionConfigurationPlatforms) = preSolution
		Debug|Any CPU = Debug|Any CPU
	EndGlobalSection
	GlobalSection(ProjectConfigurationPlatforms) = postSolution
		{470CDAC1-D915-4FD4-979D-38EFD3AB3838}.Debug|Any CPU.ActiveCfg = Debug|Any CPU
		{470CDAC1-D915-4FD4-979D-38EFD3AB3838}.Debug|Any CPU.Build.0 = Debug|Any CPU
	EndGlobalSection
	GlobalSection(SolutionProperties) = preSolution
		HideSolutionNode = FALSE
	EndGlobalSection
	GlobalSection(ExtensibilityGlobals) = postSolution
		SolutionGuid = {CACA94DD-C424-49B5-87FF-C586158FF058}
	EndGlobalSection
EndGlobal
